{
  "name": "lyricsadapt",
  "version": "1.0.0",
  "lockfileVersion": 3,
  "requires": true,
  "packages": {
    "": {
      "name": "lyricsadapt",
      "version": "1.0.0",
      "license": "ISC",
      "dependencies": {
        "@xhacker/qmcwasm": "^1.0.0",
        "commander": "^11.1.0"
      },
      "devDependencies": {
        "@types/node": "^20.11.5"
      }
    },
    "node_modules/@types/node": {
      "version": "20.16.10",
      "resolved": "https://registry.npmjs.org/@types/node/-/node-20.16.10.tgz",
      "integrity": "sha512-vQUKgWTjEIRFCvK6CyriPH3MZYiYlNy0fKiEYHWbcoWLEgs4opurGGKlebrTLqdSMIbXImH6XExNiIyNUv3WpA==",
      "dev": true,
      "license": "MIT",
      "dependencies": {
        "undici-types": "~6.19.2"
      }
    },
    "node_modules/@xhacker/qmcwasm": {
      "version": "1.0.0",
      "resolved": "https://registry.npmjs.org/@xhacker/qmcwasm/-/qmcwasm-1.0.0.tgz",
      "integrity": "sha512-oE6isNLmCDqIvxJV9KyDVlIzMISQzTj8o1ePWtQ+DhfXLI0hel/DwOIQ3icCikWnfwA/5SDs2hYw5BvrxdJ63g==",
      "license": "Apache-2.0"
    },
    "node_modules/commander": {
      "version": "11.1.0",
      "resolved": "https://registry.npmjs.org/commander/-/commander-11.1.0.tgz",
      "integrity": "sha512-yPVavfyCcRhmorC7rWlkHn15b4wDVgVmBA7kV4QVBsF7kv/9TKJAbAXVTxvTnwP8HHKjRCJDClKbciiYS7p0DQ==",
      "license": "MIT",
      "engines": {
        "node": ">=16"
      }
    },
    "node_modules/undici-types": {
      "version": "6.19.8",
      "resolved": "https://registry.npmjs.org/undici-types/-/undici-types-6.19.8.tgz",
      "integrity": "sha512-ve2KP6f/JnbPBFyobGHuerC9g1FYGn/F8n1LWTwNxCEzd6IfqTwUQcNXgEtmmQ6DlRrC1hrSrBnCZPokRrDHjw==",
      "dev": true,
      "license": "MIT"
    }
  }
}
